# THIS IS AN AUTOGENERATED FILE. DO NOT EDIT THIS FILE DIRECTLY.
# yarn lockfile v1


qooxdoo-sdk@^6.0.0-alpha:
  version "6.0.0-alpha"
  resolved "https://registry.yarnpkg.com/qooxdoo-sdk/-/qooxdoo-sdk-6.0.0-alpha.tgz#c76acb73b36fe056fcd2db278f6befee40143a50"

qxc.require@^1.2.2:
  version "1.2.3"
  resolved "https://registry.yarnpkg.com/qxc.require/-/qxc.require-1.2.3.tgz#7c0d8a05dff4299941c0081a1f2f8f29ef83e30b"

qxc.restful@^0.9.10:
  version "0.9.10"
  resolved "https://registry.yarnpkg.com/qxc.restful/-/qxc.restful-0.9.10.tgz#7b915726b1944250f51c07d8371e5c7c40424a74"
  dependencies:
    qxc.require "^1.2.2"
